
Microsoft Visual Studio Solution File, Format Version 12.00
# Visual Studio Version 17
VisualStudioVersion = 17.5.33502.453
MinimumVisualStudioVersion = 10.0.40219.1
Project("{8BC9CEB8-8B4A-11D0-8D11-00A0C91BC942}") = "tutorial 15", "tutorial 15.vcxproj", "{75C0A911-E79C-4384-98D2-C4795E238E75}"
EndProject
Global
	GlobalSection(SolutionConfigurationPlatforms) = preSolution
		Debug|x64 = Debug|x64
		Debug|x86 = Debug|x86
		Release|x64 = Release|x64
		Release|x86 = Release|x86
	EndGlobalSection
	GlobalSection(ProjectConfigurationPlatforms) = postSolution
		{75C0A911-E79C-4384-98D2-C4795E238E75}.Debug|x64.ActiveCfg = Debug|x64
		{75C0A911-E79C-4384-98D2-C4795E238E75}.Debug|x64.Build.0 = Debug|x64
		{75C0A911-E79C-4384-98D2-C4795E238E75}.Debug|x86.ActiveCfg = Debug|Win32
		{75C0A911-E79C-4384-98D2-C4795E238E75}.Debug|x86.Build.0 = Debug|Win32
		{75C0A911-E79C-4384-98D2-C4795E238E75}.Release|x64.ActiveCfg = Release|x64
		{75C0A911-E79C-4384-98D2-C4795E238E75}.Release|x64.Build.0 = Release|x64
		{75C0A911-E79C-4384-98D2-C4795E238E75}.Release|x86.ActiveCfg = Release|Win32
		{75C0A911-E79C-4384-98D2-C4795E238E75}.Release|x86.Build.0 = Release|Win32
	EndGlobalSection
	GlobalSection(SolutionProperties) = preSolution
		HideSolutionNode = FALSE
	EndGlobalSection
	GlobalSection(ExtensibilityGlobals) = postSolution
		SolutionGuid = {28445FA1-05F7-44A8-84D9-E7611CE52FD9}
	EndGlobalSection
EndGlobal
